
Microsoft Visual Studio Solution File, Format Version 12.00
# Visual Studio Version 17
VisualStudioVersion = 17.13.35806.99 d17.13
MinimumVisualStudioVersion = 10.0.40219.1
Project("{FAE04EC0-301F-11D3-BF4B-00C04F79EFBC}") = "test_Dbcontext_asp", "test_Dbcontext_asp\test_Dbcontext_asp.csproj", "{63536CDE-FB55-4793-920E-A0A1BE5C8CE1}"
EndProject
Global
	GlobalSection(SolutionConfigurationPlatforms) = preSolution
		Debug|Any CPU = Debug|Any CPU
		Release|Any CPU = Release|Any CPU
	EndGlobalSection
	GlobalSection(ProjectConfigurationPlatforms) = postSolution
		{63536CDE-FB55-4793-920E-A0A1BE5C8CE1}.Debug|Any CPU.ActiveCfg = Debug|Any CPU
		{63536CDE-FB55-4793-920E-A0A1BE5C8CE1}.Debug|Any CPU.Build.0 = Debug|Any CPU
		{63536CDE-FB55-4793-920E-A0A1BE5C8CE1}.Release|Any CPU.ActiveCfg = Release|Any CPU
		{63536CDE-FB55-4793-920E-A0A1BE5C8CE1}.Release|Any CPU.Build.0 = Release|Any CPU
	EndGlobalSection
	GlobalSection(SolutionProperties) = preSolution
		HideSolutionNode = FALSE
	EndGlobalSection
	GlobalSection(ExtensibilityGlobals) = postSolution
		SolutionGuid = {AB8FC8DA-6061-499D-8C55-BF6F683512CB}
	EndGlobalSection
EndGlobal
