
Microsoft Visual Studio Solution File, Format Version 12.00
# Visual Studio Version 17
VisualStudioVersion = 17.14.36518.9 d17.14
MinimumVisualStudioVersion = 10.0.40219.1
Project("{FAE04EC0-301F-11D3-BF4B-00C04F79EFBC}") = "FA25_PRN232", "FA25_PRN232\FA25_PRN232.csproj", "{75FAD138-4A4B-4B27-A157-4A714B9876C8}"
EndProject
Project("{FAE04EC0-301F-11D3-BF4B-00C04F79EFBC}") = "FA25_PRN232_MVC", "FA25_PRN232_MVC\FA25_PRN232_MVC.csproj", "{1C45B363-6AF7-4052-A057-EA9731D485EF}"
EndProject
Global
	GlobalSection(SolutionConfigurationPlatforms) = preSolution
		Debug|Any CPU = Debug|Any CPU
		Release|Any CPU = Release|Any CPU
	EndGlobalSection
	GlobalSection(ProjectConfigurationPlatforms) = postSolution
		{75FAD138-4A4B-4B27-A157-4A714B9876C8}.Debug|Any CPU.ActiveCfg = Debug|Any CPU
		{75FAD138-4A4B-4B27-A157-4A714B9876C8}.Debug|Any CPU.Build.0 = Debug|Any CPU
		{75FAD138-4A4B-4B27-A157-4A714B9876C8}.Release|Any CPU.ActiveCfg = Release|Any CPU
		{75FAD138-4A4B-4B27-A157-4A714B9876C8}.Release|Any CPU.Build.0 = Release|Any CPU
		{1C45B363-6AF7-4052-A057-EA9731D485EF}.Debug|Any CPU.ActiveCfg = Debug|Any CPU
		{1C45B363-6AF7-4052-A057-EA9731D485EF}.Debug|Any CPU.Build.0 = Debug|Any CPU
		{1C45B363-6AF7-4052-A057-EA9731D485EF}.Release|Any CPU.ActiveCfg = Release|Any CPU
		{1C45B363-6AF7-4052-A057-EA9731D485EF}.Release|Any CPU.Build.0 = Release|Any CPU
	EndGlobalSection
	GlobalSection(SolutionProperties) = preSolution
		HideSolutionNode = FALSE
	EndGlobalSection
	GlobalSection(ExtensibilityGlobals) = postSolution
		SolutionGuid = {2396347C-7C1A-41C6-A454-4A5D43368797}
	EndGlobalSection
EndGlobal
