
Microsoft Visual Studio Solution File, Format Version 12.00
# Visual Studio Version 17
VisualStudioVersion = 17.10.35013.160
MinimumVisualStudioVersion = 10.0.40219.1
Project("{FAE04EC0-301F-11D3-BF4B-00C04F79EFBC}") = "ConsoleAppTest1", "ConsoleAppTest1.csproj", "{D57BDADD-67CE-4EF1-AF99-ED797659BA14}"
EndProject
Global
	GlobalSection(SolutionConfigurationPlatforms) = preSolution
		Debug|Any CPU = Debug|Any CPU
		Release|Any CPU = Release|Any CPU
	EndGlobalSection
	GlobalSection(ProjectConfigurationPlatforms) = postSolution
		{D57BDADD-67CE-4EF1-AF99-ED797659BA14}.Debug|Any CPU.ActiveCfg = Debug|Any CPU
		{D57BDADD-67CE-4EF1-AF99-ED797659BA14}.Debug|Any CPU.Build.0 = Debug|Any CPU
		{D57BDADD-67CE-4EF1-AF99-ED797659BA14}.Release|Any CPU.ActiveCfg = Release|Any CPU
		{D57BDADD-67CE-4EF1-AF99-ED797659BA14}.Release|Any CPU.Build.0 = Release|Any CPU
	EndGlobalSection
	GlobalSection(SolutionProperties) = preSolution
		HideSolutionNode = FALSE
	EndGlobalSection
	GlobalSection(ExtensibilityGlobals) = postSolution
		SolutionGuid = {CD01DA43-5EE3-448D-9894-DB653ECAC7E3}
	EndGlobalSection
EndGlobal
