
Microsoft Visual Studio Solution File, Format Version 12.00
# Visual Studio Version 17
VisualStudioVersion = 17.13.35806.99 d17.13
MinimumVisualStudioVersion = 10.0.40219.1
Project("{FAE04EC0-301F-11D3-BF4B-00C04F79EFBC}") = "Chill_Computer", "Chill_Computer\Chill_Computer.csproj", "{78370C5D-C596-4715-814D-C14E9FE8C54B}"
EndProject
Global
	GlobalSection(SolutionConfigurationPlatforms) = preSolution
		Debug|Any CPU = Debug|Any CPU
		Release|Any CPU = Release|Any CPU
	EndGlobalSection
	GlobalSection(ProjectConfigurationPlatforms) = postSolution
		{78370C5D-C596-4715-814D-C14E9FE8C54B}.Debug|Any CPU.ActiveCfg = Debug|Any CPU
		{78370C5D-C596-4715-814D-C14E9FE8C54B}.Debug|Any CPU.Build.0 = Debug|Any CPU
		{78370C5D-C596-4715-814D-C14E9FE8C54B}.Release|Any CPU.ActiveCfg = Release|Any CPU
		{78370C5D-C596-4715-814D-C14E9FE8C54B}.Release|Any CPU.Build.0 = Release|Any CPU
	EndGlobalSection
	GlobalSection(SolutionProperties) = preSolution
		HideSolutionNode = FALSE
	EndGlobalSection
	GlobalSection(ExtensibilityGlobals) = postSolution
		SolutionGuid = {B43A4822-5A75-45D9-A291-FC684C8CFDB8}
	EndGlobalSection
EndGlobal
