
Microsoft Visual Studio Solution File, Format Version 12.00
# Visual Studio Version 17
VisualStudioVersion = 17.10.35013.160
MinimumVisualStudioVersion = 10.0.40219.1
Project("{FAE04EC0-301F-11D3-BF4B-00C04F79EFBC}") = "CodeFirstTest", "CodeFirstTest.csproj", "{1D83E493-BC8C-4C67-B2B7-84AE308C5935}"
EndProject
Project("{FAE04EC0-301F-11D3-BF4B-00C04F79EFBC}") = "PartOne", "..\PartOne\PartOne.csproj", "{45CA279A-BCD5-434A-9CB4-E16E54B3E42D}"
EndProject
Project("{FAE04EC0-301F-11D3-BF4B-00C04F79EFBC}") = "PartTwo", "..\PartTwo\PartTwo.csproj", "{FCCECB25-75F8-4A99-AD16-07CB400270F6}"
EndProject
Global
	GlobalSection(SolutionConfigurationPlatforms) = preSolution
		Debug|Any CPU = Debug|Any CPU
		Release|Any CPU = Release|Any CPU
	EndGlobalSection
	GlobalSection(ProjectConfigurationPlatforms) = postSolution
		{1D83E493-BC8C-4C67-B2B7-84AE308C5935}.Debug|Any CPU.ActiveCfg = Debug|Any CPU
		{1D83E493-BC8C-4C67-B2B7-84AE308C5935}.Debug|Any CPU.Build.0 = Debug|Any CPU
		{1D83E493-BC8C-4C67-B2B7-84AE308C5935}.Release|Any CPU.ActiveCfg = Release|Any CPU
		{1D83E493-BC8C-4C67-B2B7-84AE308C5935}.Release|Any CPU.Build.0 = Release|Any CPU
		{45CA279A-BCD5-434A-9CB4-E16E54B3E42D}.Debug|Any CPU.ActiveCfg = Debug|Any CPU
		{45CA279A-BCD5-434A-9CB4-E16E54B3E42D}.Debug|Any CPU.Build.0 = Debug|Any CPU
		{45CA279A-BCD5-434A-9CB4-E16E54B3E42D}.Release|Any CPU.ActiveCfg = Release|Any CPU
		{45CA279A-BCD5-434A-9CB4-E16E54B3E42D}.Release|Any CPU.Build.0 = Release|Any CPU
		{FCCECB25-75F8-4A99-AD16-07CB400270F6}.Debug|Any CPU.ActiveCfg = Debug|Any CPU
		{FCCECB25-75F8-4A99-AD16-07CB400270F6}.Debug|Any CPU.Build.0 = Debug|Any CPU
		{FCCECB25-75F8-4A99-AD16-07CB400270F6}.Release|Any CPU.ActiveCfg = Release|Any CPU
		{FCCECB25-75F8-4A99-AD16-07CB400270F6}.Release|Any CPU.Build.0 = Release|Any CPU
	EndGlobalSection
	GlobalSection(SolutionProperties) = preSolution
		HideSolutionNode = FALSE
	EndGlobalSection
	GlobalSection(ExtensibilityGlobals) = postSolution
		SolutionGuid = {28C3E0AA-1382-4EE6-9982-556FB573150B}
	EndGlobalSection
EndGlobal
