
Microsoft Visual Studio Solution File, Format Version 12.00
# Visual Studio Version 17
VisualStudioVersion = 17.10.35013.160
MinimumVisualStudioVersion = 10.0.40219.1
Project("{FAE04EC0-301F-11D3-BF4B-00C04F79EFBC}") = "DBFirstTest", "DBFirstTest.csproj", "{9E102E88-DD40-4AFC-8604-F6DAB0265724}"
EndProject
Global
	GlobalSection(SolutionConfigurationPlatforms) = preSolution
		Debug|Any CPU = Debug|Any CPU
		Release|Any CPU = Release|Any CPU
	EndGlobalSection
	GlobalSection(ProjectConfigurationPlatforms) = postSolution
		{9E102E88-DD40-4AFC-8604-F6DAB0265724}.Debug|Any CPU.ActiveCfg = Debug|Any CPU
		{9E102E88-DD40-4AFC-8604-F6DAB0265724}.Debug|Any CPU.Build.0 = Debug|Any CPU
		{9E102E88-DD40-4AFC-8604-F6DAB0265724}.Release|Any CPU.ActiveCfg = Release|Any CPU
		{9E102E88-DD40-4AFC-8604-F6DAB0265724}.Release|Any CPU.Build.0 = Release|Any CPU
	EndGlobalSection
	GlobalSection(SolutionProperties) = preSolution
		HideSolutionNode = FALSE
	EndGlobalSection
	GlobalSection(ExtensibilityGlobals) = postSolution
		SolutionGuid = {F01EBAC4-941D-4B34-BB57-42C431BBB958}
	EndGlobalSection
EndGlobal
