
Microsoft Visual Studio Solution File, Format Version 12.00
# Visual Studio Version 17
VisualStudioVersion = 17.14.36310.24
MinimumVisualStudioVersion = 10.0.40219.1
Project("{FAE04EC0-301F-11D3-BF4B-00C04F79EFBC}") = "TestPELaptop", "TestPELaptop\TestPELaptop.csproj", "{B2950801-02D0-4A0E-BC14-3F762678386C}"
EndProject
Project("{FAE04EC0-301F-11D3-BF4B-00C04F79EFBC}") = "GroupProjectBusiness", "GroupProjectBusiness\GroupProjectBusiness.csproj", "{F377C9B0-AC19-4144-9E2C-8F5D84E0A689}"
EndProject
Project("{FAE04EC0-301F-11D3-BF4B-00C04F79EFBC}") = "GroupProjectRepositories", "GroupProjectRepositories\GroupProjectRepositories.csproj", "{387D2DEF-96DD-4D6D-925A-6E4F3355605B}"
EndProject
Project("{FAE04EC0-301F-11D3-BF4B-00C04F79EFBC}") = "GroupProjectDataAccess", "GroupProjectDataAccess\GroupProjectDataAccess.csproj", "{DFE20341-A5A9-4DCC-930C-CDB6863D9881}"
EndProject
Global
	GlobalSection(SolutionConfigurationPlatforms) = preSolution
		Debug|Any CPU = Debug|Any CPU
		Release|Any CPU = Release|Any CPU
	EndGlobalSection
	GlobalSection(ProjectConfigurationPlatforms) = postSolution
		{B2950801-02D0-4A0E-BC14-3F762678386C}.Debug|Any CPU.ActiveCfg = Debug|Any CPU
		{B2950801-02D0-4A0E-BC14-3F762678386C}.Debug|Any CPU.Build.0 = Debug|Any CPU
		{B2950801-02D0-4A0E-BC14-3F762678386C}.Release|Any CPU.ActiveCfg = Release|Any CPU
		{B2950801-02D0-4A0E-BC14-3F762678386C}.Release|Any CPU.Build.0 = Release|Any CPU
		{F377C9B0-AC19-4144-9E2C-8F5D84E0A689}.Debug|Any CPU.ActiveCfg = Debug|Any CPU
		{F377C9B0-AC19-4144-9E2C-8F5D84E0A689}.Debug|Any CPU.Build.0 = Debug|Any CPU
		{F377C9B0-AC19-4144-9E2C-8F5D84E0A689}.Release|Any CPU.ActiveCfg = Release|Any CPU
		{F377C9B0-AC19-4144-9E2C-8F5D84E0A689}.Release|Any CPU.Build.0 = Release|Any CPU
		{387D2DEF-96DD-4D6D-925A-6E4F3355605B}.Debug|Any CPU.ActiveCfg = Debug|Any CPU
		{387D2DEF-96DD-4D6D-925A-6E4F3355605B}.Debug|Any CPU.Build.0 = Debug|Any CPU
		{387D2DEF-96DD-4D6D-925A-6E4F3355605B}.Release|Any CPU.ActiveCfg = Release|Any CPU
		{387D2DEF-96DD-4D6D-925A-6E4F3355605B}.Release|Any CPU.Build.0 = Release|Any CPU
		{DFE20341-A5A9-4DCC-930C-CDB6863D9881}.Debug|Any CPU.ActiveCfg = Debug|Any CPU
		{DFE20341-A5A9-4DCC-930C-CDB6863D9881}.Debug|Any CPU.Build.0 = Debug|Any CPU
		{DFE20341-A5A9-4DCC-930C-CDB6863D9881}.Release|Any CPU.ActiveCfg = Release|Any CPU
		{DFE20341-A5A9-4DCC-930C-CDB6863D9881}.Release|Any CPU.Build.0 = Release|Any CPU
	EndGlobalSection
	GlobalSection(SolutionProperties) = preSolution
		HideSolutionNode = FALSE
	EndGlobalSection
	GlobalSection(ExtensibilityGlobals) = postSolution
		SolutionGuid = {8FA327F5-9F97-4625-AD62-FDB2B820A378}
	EndGlobalSection
EndGlobal
