
Microsoft Visual Studio Solution File, Format Version 12.00
# Visual Studio Version 17
VisualStudioVersion = 17.10.35027.167
MinimumVisualStudioVersion = 10.0.40219.1
Project("{FAE04EC0-301F-11D3-BF4B-00C04F79EFBC}") = "TienWPF", "TienWPF\TienWPF.csproj", "{FDF220B3-07BC-4ABE-8C96-B604D6DBC2B6}"
EndProject
Project("{FAE04EC0-301F-11D3-BF4B-00C04F79EFBC}") = "Model", "Model\Model.csproj", "{0C80621A-A58B-4A97-8124-E928B22BEEE6}"
EndProject
Project("{FAE04EC0-301F-11D3-BF4B-00C04F79EFBC}") = "DataAcess", "DataAcess\DataAcess.csproj", "{8CCA0F7A-1C02-4713-98BE-F7C9727935F3}"
EndProject
Project("{FAE04EC0-301F-11D3-BF4B-00C04F79EFBC}") = "Repository", "Repository\Repository.csproj", "{86703A84-E24C-4884-B68C-064D1F7F70F1}"
EndProject
Global
	GlobalSection(SolutionConfigurationPlatforms) = preSolution
		Debug|Any CPU = Debug|Any CPU
		Release|Any CPU = Release|Any CPU
	EndGlobalSection
	GlobalSection(ProjectConfigurationPlatforms) = postSolution
		{FDF220B3-07BC-4ABE-8C96-B604D6DBC2B6}.Debug|Any CPU.ActiveCfg = Debug|Any CPU
		{FDF220B3-07BC-4ABE-8C96-B604D6DBC2B6}.Debug|Any CPU.Build.0 = Debug|Any CPU
		{FDF220B3-07BC-4ABE-8C96-B604D6DBC2B6}.Release|Any CPU.ActiveCfg = Release|Any CPU
		{FDF220B3-07BC-4ABE-8C96-B604D6DBC2B6}.Release|Any CPU.Build.0 = Release|Any CPU
		{0C80621A-A58B-4A97-8124-E928B22BEEE6}.Debug|Any CPU.ActiveCfg = Debug|Any CPU
		{0C80621A-A58B-4A97-8124-E928B22BEEE6}.Debug|Any CPU.Build.0 = Debug|Any CPU
		{0C80621A-A58B-4A97-8124-E928B22BEEE6}.Release|Any CPU.ActiveCfg = Release|Any CPU
		{0C80621A-A58B-4A97-8124-E928B22BEEE6}.Release|Any CPU.Build.0 = Release|Any CPU
		{8CCA0F7A-1C02-4713-98BE-F7C9727935F3}.Debug|Any CPU.ActiveCfg = Debug|Any CPU
		{8CCA0F7A-1C02-4713-98BE-F7C9727935F3}.Debug|Any CPU.Build.0 = Debug|Any CPU
		{8CCA0F7A-1C02-4713-98BE-F7C9727935F3}.Release|Any CPU.ActiveCfg = Release|Any CPU
		{8CCA0F7A-1C02-4713-98BE-F7C9727935F3}.Release|Any CPU.Build.0 = Release|Any CPU
		{86703A84-E24C-4884-B68C-064D1F7F70F1}.Debug|Any CPU.ActiveCfg = Debug|Any CPU
		{86703A84-E24C-4884-B68C-064D1F7F70F1}.Debug|Any CPU.Build.0 = Debug|Any CPU
		{86703A84-E24C-4884-B68C-064D1F7F70F1}.Release|Any CPU.ActiveCfg = Release|Any CPU
		{86703A84-E24C-4884-B68C-064D1F7F70F1}.Release|Any CPU.Build.0 = Release|Any CPU
	EndGlobalSection
	GlobalSection(SolutionProperties) = preSolution
		HideSolutionNode = FALSE
	EndGlobalSection
	GlobalSection(ExtensibilityGlobals) = postSolution
		SolutionGuid = {70E5739B-850F-4A65-A074-3C94B6AFE9A9}
	EndGlobalSection
EndGlobal
