
Microsoft Visual Studio Solution File, Format Version 12.00
# Visual Studio 2013
VisualStudioVersion = 12.0.21005.1
MinimumVisualStudioVersion = 10.0.40219.1
Project("{FAE04EC0-301F-11D3-BF4B-00C04F79EFBC}") = "Strings", "Strings\Strings.csproj", "{E00EB0D8-0841-4717-8D73-9E6E8AAF0AD7}"
EndProject
Global
	GlobalSection(SolutionConfigurationPlatforms) = preSolution
		Debug|Any CPU = Debug|Any CPU
		Release|Any CPU = Release|Any CPU
	EndGlobalSection
	GlobalSection(ProjectConfigurationPlatforms) = postSolution
		{E00EB0D8-0841-4717-8D73-9E6E8AAF0AD7}.Debug|Any CPU.ActiveCfg = Debug|Any CPU
		{E00EB0D8-0841-4717-8D73-9E6E8AAF0AD7}.Debug|Any CPU.Build.0 = Debug|Any CPU
		{E00EB0D8-0841-4717-8D73-9E6E8AAF0AD7}.Release|Any CPU.ActiveCfg = Release|Any CPU
		{E00EB0D8-0841-4717-8D73-9E6E8AAF0AD7}.Release|Any CPU.Build.0 = Release|Any CPU
	EndGlobalSection
	GlobalSection(SolutionProperties) = preSolution
		HideSolutionNode = FALSE
	EndGlobalSection
EndGlobal
