
Microsoft Visual Studio Solution File, Format Version 12.00
# Visual Studio Version 17
VisualStudioVersion = 17.13.35806.99 d17.13
MinimumVisualStudioVersion = 10.0.40219.1
Project("{FAE04EC0-301F-11D3-BF4B-00C04F79EFBC}") = "Shopee_by_SQl Server_ASP.Net", "Shopee_by_SQl Server_ASP.Net\Shopee_by_SQl Server_ASP.Net.csproj", "{449A5155-9FF7-42DE-A546-8E0C22AAB5F8}"
EndProject
Global
	GlobalSection(SolutionConfigurationPlatforms) = preSolution
		Debug|Any CPU = Debug|Any CPU
		Release|Any CPU = Release|Any CPU
	EndGlobalSection
	GlobalSection(ProjectConfigurationPlatforms) = postSolution
		{449A5155-9FF7-42DE-A546-8E0C22AAB5F8}.Debug|Any CPU.ActiveCfg = Debug|Any CPU
		{449A5155-9FF7-42DE-A546-8E0C22AAB5F8}.Debug|Any CPU.Build.0 = Debug|Any CPU
		{449A5155-9FF7-42DE-A546-8E0C22AAB5F8}.Release|Any CPU.ActiveCfg = Release|Any CPU
		{449A5155-9FF7-42DE-A546-8E0C22AAB5F8}.Release|Any CPU.Build.0 = Release|Any CPU
	EndGlobalSection
	GlobalSection(SolutionProperties) = preSolution
		HideSolutionNode = FALSE
	EndGlobalSection
	GlobalSection(ExtensibilityGlobals) = postSolution
		SolutionGuid = {8E563669-78A1-49FF-A80B-B18FCEB923E0}
	EndGlobalSection
EndGlobal
